// !$*UTF8*$!
{
	archiveVersion = 1;
	classes = {
	};
	objectVersion = 56;
	objects = {

/* Begin PBXBuildFile section */
		9C96A3D12B6E4BEA0067526B /* HomePresenter.swift in Sources */ = {isa = PBXBuildFile; fileRef = 9C96A3CA2B6E4BEA0067526B /* HomePresenter.swift */; };
		9C96A3D22B6E4BEA0067526B /* HomeRouter.swift in Sources */ = {isa = PBXBuildFile; fileRef = 9C96A3CB2B6E4BEA0067526B /* HomeRouter.swift */; };
		9C96A3D32B6E4BEA0067526B /* HomeInteractor.swift in Sources */ = {isa = PBXBuildFile; fileRef = 9C96A3CC2B6E4BEA0067526B /* HomeInteractor.swift */; };
		9C96A3D42B6E4BEA0067526B /* HomeView.swift in Sources */ = {isa = PBXBuildFile; fileRef = 9C96A3CD2B6E4BEA0067526B /* HomeView.swift */; };
		9C96A3D52B6E4BEA0067526B /* HomeProtocol.swift in Sources */ = {isa = PBXBuildFile; fileRef = 9C96A3CE2B6E4BEA0067526B /* HomeProtocol.swift */; };
		9C96A3D62B6E4BEA0067526B /* HomeView.xib in Resources */ = {isa = PBXBuildFile; fileRef = 9C96A3CF2B6E4BEA0067526B /* HomeView.xib */; };
		9C96A3D72B6E4BEA0067526B /* HomeEntity.swift in Sources */ = {isa = PBXBuildFile; fileRef = 9C96A3D02B6E4BEA0067526B /* HomeEntity.swift */; };
		9C96A3DF2B6E4BFB0067526B /* DetailPresenter.swift in Sources */ = {isa = PBXBuildFile; fileRef = 9C96A3D82B6E4BFB0067526B /* DetailPresenter.swift */; };
		9C96A3E02B6E4BFB0067526B /* DetailRouter.swift in Sources */ = {isa = PBXBuildFile; fileRef = 9C96A3D92B6E4BFB0067526B /* DetailRouter.swift */; };
		9C96A3E12B6E4BFB0067526B /* DetailInteractor.swift in Sources */ = {isa = PBXBuildFile; fileRef = 9C96A3DA2B6E4BFB0067526B /* DetailInteractor.swift */; };
		9C96A3E22B6E4BFB0067526B /* DetailView.swift in Sources */ = {isa = PBXBuildFile; fileRef = 9C96A3DB2B6E4BFB0067526B /* DetailView.swift */; };
		9C96A3E32B6E4BFB0067526B /* DetailProtocol.swift in Sources */ = {isa = PBXBuildFile; fileRef = 9C96A3DC2B6E4BFB0067526B /* DetailProtocol.swift */; };
		9C96A3E42B6E4BFB0067526B /* DetailView.xib in Resources */ = {isa = PBXBuildFile; fileRef = 9C96A3DD2B6E4BFB0067526B /* DetailView.xib */; };
		9C96A3E52B6E4BFB0067526B /* DetailEntity.swift in Sources */ = {isa = PBXBuildFile; fileRef = 9C96A3DE2B6E4BFB0067526B /* DetailEntity.swift */; };
		9C96A3E82B6E5DFF0067526B /* PromoList.swift in Sources */ = {isa = PBXBuildFile; fileRef = 9C96A3E72B6E5DFF0067526B /* PromoList.swift */; };
		9C96A3EE2B6E5E400067526B /* PromoList.xib in Resources */ = {isa = PBXBuildFile; fileRef = 9C96A3ED2B6E5E400067526B /* PromoList.xib */; };
		9CE33A792B6D3656007F63C4 /* TestProjectApp.swift in Sources */ = {isa = PBXBuildFile; fileRef = 9CE33A782B6D3656007F63C4 /* TestProjectApp.swift */; };
		9CE33A7B2B6D3656007F63C4 /* ContentView.swift in Sources */ = {isa = PBXBuildFile; fileRef = 9CE33A7A2B6D3656007F63C4 /* ContentView.swift */; };
		9CE33A7D2B6D3658007F63C4 /* Assets.xcassets in Resources */ = {isa = PBXBuildFile; fileRef = 9CE33A7C2B6D3658007F63C4 /* Assets.xcassets */; };
		9CE33A802B6D3658007F63C4 /* Preview Assets.xcassets in Resources */ = {isa = PBXBuildFile; fileRef = 9CE33A7F2B6D3658007F63C4 /* Preview Assets.xcassets */; };
		9CE33A8A2B6D3659007F63C4 /* TestProjectTests.swift in Sources */ = {isa = PBXBuildFile; fileRef = 9CE33A892B6D3659007F63C4 /* TestProjectTests.swift */; };
		9CE33A942B6D3659007F63C4 /* TestProjectUITests.swift in Sources */ = {isa = PBXBuildFile; fileRef = 9CE33A932B6D3659007F63C4 /* TestProjectUITests.swift */; };
		9CE33A962B6D3659007F63C4 /* TestProjectUITestsLaunchTests.swift in Sources */ = {isa = PBXBuildFile; fileRef = 9CE33A952B6D3659007F63C4 /* TestProjectUITestsLaunchTests.swift */; };
		9CE33B1A2B6D4B9F007F63C4 /* AppDelegate.swift in Sources */ = {isa = PBXBuildFile; fileRef = 9CE33B192B6D4B9E007F63C4 /* AppDelegate.swift */; };
		9CE33B1B2B6D4B9F007F63C4 /* AppDelegate.swift in Sources */ = {isa = PBXBuildFile; fileRef = 9CE33B192B6D4B9E007F63C4 /* AppDelegate.swift */; };
		9CE33B1C2B6D4B9F007F63C4 /* AppDelegate.swift in Sources */ = {isa = PBXBuildFile; fileRef = 9CE33B192B6D4B9E007F63C4 /* AppDelegate.swift */; };
		9CE33B232B6D4E0A007F63C4 /* extUIView.swift in Sources */ = {isa = PBXBuildFile; fileRef = 9CE33B222B6D4E0A007F63C4 /* extUIView.swift */; };
		9CE33B242B6D4E0A007F63C4 /* extUIView.swift in Sources */ = {isa = PBXBuildFile; fileRef = 9CE33B222B6D4E0A007F63C4 /* extUIView.swift */; };
		9CE33B252B6D4E0A007F63C4 /* extUIView.swift in Sources */ = {isa = PBXBuildFile; fileRef = 9CE33B222B6D4E0A007F63C4 /* extUIView.swift */; };
		9CE33B272B6D4E90007F63C4 /* UIViewCustom.swift in Sources */ = {isa = PBXBuildFile; fileRef = 9CE33B262B6D4E90007F63C4 /* UIViewCustom.swift */; };
		9CE33B282B6D4E90007F63C4 /* UIViewCustom.swift in Sources */ = {isa = PBXBuildFile; fileRef = 9CE33B262B6D4E90007F63C4 /* UIViewCustom.swift */; };
		9CE33B292B6D4E90007F63C4 /* UIViewCustom.swift in Sources */ = {isa = PBXBuildFile; fileRef = 9CE33B262B6D4E90007F63C4 /* UIViewCustom.swift */; };
		9CE33B342B6D52BB007F63C4 /* ToolbarView.swift in Sources */ = {isa = PBXBuildFile; fileRef = 9CE33B332B6D52BB007F63C4 /* ToolbarView.swift */; };
		9CE33B352B6D52BB007F63C4 /* ToolbarView.swift in Sources */ = {isa = PBXBuildFile; fileRef = 9CE33B332B6D52BB007F63C4 /* ToolbarView.swift */; };
		9CE33B362B6D52BB007F63C4 /* ToolbarView.swift in Sources */ = {isa = PBXBuildFile; fileRef = 9CE33B332B6D52BB007F63C4 /* ToolbarView.swift */; };
		9CE33B3C2B6D52F9007F63C4 /* ToolbarView.xib in Resources */ = {isa = PBXBuildFile; fileRef = 9CE33B3B2B6D52F8007F63C4 /* ToolbarView.xib */; };
		9CE33B3D2B6D52F9007F63C4 /* ToolbarView.xib in Resources */ = {isa = PBXBuildFile; fileRef = 9CE33B3B2B6D52F8007F63C4 /* ToolbarView.xib */; };
		9CE33B3E2B6D52F9007F63C4 /* ToolbarView.xib in Resources */ = {isa = PBXBuildFile; fileRef = 9CE33B3B2B6D52F8007F63C4 /* ToolbarView.xib */; };
		9CE33B452B6DE403007F63C4 /* extDouble.swift in Sources */ = {isa = PBXBuildFile; fileRef = 9CE33B442B6DE403007F63C4 /* extDouble.swift */; };
		9CE33B462B6DE403007F63C4 /* extDouble.swift in Sources */ = {isa = PBXBuildFile; fileRef = 9CE33B442B6DE403007F63C4 /* extDouble.swift */; };
		9CE33B472B6DE403007F63C4 /* extDouble.swift in Sources */ = {isa = PBXBuildFile; fileRef = 9CE33B442B6DE403007F63C4 /* extDouble.swift */; };
		9CE33B492B6DE410007F63C4 /* extString.swift in Sources */ = {isa = PBXBuildFile; fileRef = 9CE33B482B6DE410007F63C4 /* extString.swift */; };
		9CE33B4A2B6DE410007F63C4 /* extString.swift in Sources */ = {isa = PBXBuildFile; fileRef = 9CE33B482B6DE410007F63C4 /* extString.swift */; };
		9CE33B4B2B6DE410007F63C4 /* extString.swift in Sources */ = {isa = PBXBuildFile; fileRef = 9CE33B482B6DE410007F63C4 /* extString.swift */; };
		9CE33B4D2B6DFBC9007F63C4 /* AppSetting.swift in Sources */ = {isa = PBXBuildFile; fileRef = 9CE33B4C2B6DFBC9007F63C4 /* AppSetting.swift */; };
		9CE33B4E2B6DFBC9007F63C4 /* AppSetting.swift in Sources */ = {isa = PBXBuildFile; fileRef = 9CE33B4C2B6DFBC9007F63C4 /* AppSetting.swift */; };
		9CE33B4F2B6DFBC9007F63C4 /* AppSetting.swift in Sources */ = {isa = PBXBuildFile; fileRef = 9CE33B4C2B6DFBC9007F63C4 /* AppSetting.swift */; };
/* End PBXBuildFile section */

/* Begin PBXContainerItemProxy section */
		9CE33A862B6D3658007F63C4 /* PBXContainerItemProxy */ = {
			isa = PBXContainerItemProxy;
			containerPortal = 9CE33A6D2B6D3655007F63C4 /* Project object */;
			proxyType = 1;
			remoteGlobalIDString = 9CE33A742B6D3656007F63C4;
			remoteInfo = TestProject;
		};
		9CE33A902B6D3659007F63C4 /* PBXContainerItemProxy */ = {
			isa = PBXContainerItemProxy;
			containerPortal = 9CE33A6D2B6D3655007F63C4 /* Project object */;
			proxyType = 1;
			remoteGlobalIDString = 9CE33A742B6D3656007F63C4;
			remoteInfo = TestProject;
		};
/* End PBXContainerItemProxy section */

/* Begin PBXFileReference section */
		9C96A3CA2B6E4BEA0067526B /* HomePresenter.swift */ = {isa = PBXFileReference; lastKnownFileType = sourcecode.swift; path = HomePresenter.swift; sourceTree = "<group>"; };
		9C96A3CB2B6E4BEA0067526B /* HomeRouter.swift */ = {isa = PBXFileReference; lastKnownFileType = sourcecode.swift; path = HomeRouter.swift; sourceTree = "<group>"; };
		9C96A3CC2B6E4BEA0067526B /* HomeInteractor.swift */ = {isa = PBXFileReference; lastKnownFileType = sourcecode.swift; path = HomeInteractor.swift; sourceTree = "<group>"; };
		9C96A3CD2B6E4BEA0067526B /* HomeView.swift */ = {isa = PBXFileReference; lastKnownFileType = sourcecode.swift; path = HomeView.swift; sourceTree = "<group>"; };
		9C96A3CE2B6E4BEA0067526B /* HomeProtocol.swift */ = {isa = PBXFileReference; lastKnownFileType = sourcecode.swift; path = HomeProtocol.swift; sourceTree = "<group>"; };
		9C96A3CF2B6E4BEA0067526B /* HomeView.xib */ = {isa = PBXFileReference; lastKnownFileType = file.xib; path = HomeView.xib; sourceTree = "<group>"; };
		9C96A3D02B6E4BEA0067526B /* HomeEntity.swift */ = {isa = PBXFileReference; lastKnownFileType = sourcecode.swift; path = HomeEntity.swift; sourceTree = "<group>"; };
		9C96A3D82B6E4BFB0067526B /* DetailPresenter.swift */ = {isa = PBXFileReference; lastKnownFileType = sourcecode.swift; path = DetailPresenter.swift; sourceTree = "<group>"; };
		9C96A3D92B6E4BFB0067526B /* DetailRouter.swift */ = {isa = PBXFileReference; lastKnownFileType = sourcecode.swift; path = DetailRouter.swift; sourceTree = "<group>"; };
		9C96A3DA2B6E4BFB0067526B /* DetailInteractor.swift */ = {isa = PBXFileReference; lastKnownFileType = sourcecode.swift; path = DetailInteractor.swift; sourceTree = "<group>"; };
		9C96A3DB2B6E4BFB0067526B /* DetailView.swift */ = {isa = PBXFileReference; lastKnownFileType = sourcecode.swift; path = DetailView.swift; sourceTree = "<group>"; };
		9C96A3DC2B6E4BFB0067526B /* DetailProtocol.swift */ = {isa = PBXFileReference; lastKnownFileType = sourcecode.swift; path = DetailProtocol.swift; sourceTree = "<group>"; };
		9C96A3DD2B6E4BFB0067526B /* DetailView.xib */ = {isa = PBXFileReference; lastKnownFileType = file.xib; path = DetailView.xib; sourceTree = "<group>"; };
		9C96A3DE2B6E4BFB0067526B /* DetailEntity.swift */ = {isa = PBXFileReference; lastKnownFileType = sourcecode.swift; path = DetailEntity.swift; sourceTree = "<group>"; };
		9C96A3E72B6E5DFF0067526B /* PromoList.swift */ = {isa = PBXFileReference; lastKnownFileType = sourcecode.swift; path = PromoList.swift; sourceTree = "<group>"; };
		9C96A3ED2B6E5E400067526B /* PromoList.xib */ = {isa = PBXFileReference; lastKnownFileType = file.xib; path = PromoList.xib; sourceTree = "<group>"; };
		9CE33A752B6D3656007F63C4 /* TestProject.app */ = {isa = PBXFileReference; explicitFileType = wrapper.application; includeInIndex = 0; path = TestProject.app; sourceTree = BUILT_PRODUCTS_DIR; };
		9CE33A782B6D3656007F63C4 /* TestProjectApp.swift */ = {isa = PBXFileReference; lastKnownFileType = sourcecode.swift; path = TestProjectApp.swift; sourceTree = "<group>"; };
		9CE33A7A2B6D3656007F63C4 /* ContentView.swift */ = {isa = PBXFileReference; lastKnownFileType = sourcecode.swift; path = ContentView.swift; sourceTree = "<group>"; };
		9CE33A7C2B6D3658007F63C4 /* Assets.xcassets */ = {isa = PBXFileReference; lastKnownFileType = folder.assetcatalog; path = Assets.xcassets; sourceTree = "<group>"; };
		9CE33A7F2B6D3658007F63C4 /* Preview Assets.xcassets */ = {isa = PBXFileReference; lastKnownFileType = folder.assetcatalog; path = "Preview Assets.xcassets"; sourceTree = "<group>"; };
		9CE33A852B6D3658007F63C4 /* TestProjectTests.xctest */ = {isa = PBXFileReference; explicitFileType = wrapper.cfbundle; includeInIndex = 0; path = TestProjectTests.xctest; sourceTree = BUILT_PRODUCTS_DIR; };
		9CE33A892B6D3659007F63C4 /* TestProjectTests.swift */ = {isa = PBXFileReference; lastKnownFileType = sourcecode.swift; path = TestProjectTests.swift; sourceTree = "<group>"; };
		9CE33A8F2B6D3659007F63C4 /* TestProjectUITests.xctest */ = {isa = PBXFileReference; explicitFileType = wrapper.cfbundle; includeInIndex = 0; path = TestProjectUITests.xctest; sourceTree = BUILT_PRODUCTS_DIR; };
		9CE33A932B6D3659007F63C4 /* TestProjectUITests.swift */ = {isa = PBXFileReference; lastKnownFileType = sourcecode.swift; path = TestProjectUITests.swift; sourceTree = "<group>"; };
		9CE33A952B6D3659007F63C4 /* TestProjectUITestsLaunchTests.swift */ = {isa = PBXFileReference; lastKnownFileType = sourcecode.swift; path = TestProjectUITestsLaunchTests.swift; sourceTree = "<group>"; };
		9CE33B192B6D4B9E007F63C4 /* AppDelegate.swift */ = {isa = PBXFileReference; lastKnownFileType = sourcecode.swift; path = AppDelegate.swift; sourceTree = "<group>"; };
		9CE33B222B6D4E0A007F63C4 /* extUIView.swift */ = {isa = PBXFileReference; lastKnownFileType = sourcecode.swift; path = extUIView.swift; sourceTree = "<group>"; };
		9CE33B262B6D4E90007F63C4 /* UIViewCustom.swift */ = {isa = PBXFileReference; lastKnownFileType = sourcecode.swift; path = UIViewCustom.swift; sourceTree = "<group>"; };
		9CE33B332B6D52BB007F63C4 /* ToolbarView.swift */ = {isa = PBXFileReference; lastKnownFileType = sourcecode.swift; path = ToolbarView.swift; sourceTree = "<group>"; };
		9CE33B3B2B6D52F8007F63C4 /* ToolbarView.xib */ = {isa = PBXFileReference; lastKnownFileType = file.xib; path = ToolbarView.xib; sourceTree = "<group>"; };
		9CE33B432B6D7B6D007F63C4 /* Info.plist */ = {isa = PBXFileReference; lastKnownFileType = text.plist; path = Info.plist; sourceTree = "<group>"; };
		9CE33B442B6DE403007F63C4 /* extDouble.swift */ = {isa = PBXFileReference; lastKnownFileType = sourcecode.swift; path = extDouble.swift; sourceTree = "<group>"; };
		9CE33B482B6DE410007F63C4 /* extString.swift */ = {isa = PBXFileReference; lastKnownFileType = sourcecode.swift; path = extString.swift; sourceTree = "<group>"; };
		9CE33B4C2B6DFBC9007F63C4 /* AppSetting.swift */ = {isa = PBXFileReference; lastKnownFileType = sourcecode.swift; path = AppSetting.swift; sourceTree = "<group>"; };
/* End PBXFileReference section */

/* Begin PBXFrameworksBuildPhase section */
		9CE33A722B6D3656007F63C4 /* Frameworks */ = {
			isa = PBXFrameworksBuildPhase;
			buildActionMask = 2147483647;
			files = (
			);
			runOnlyForDeploymentPostprocessing = 0;
		};
		9CE33A822B6D3658007F63C4 /* Frameworks */ = {
			isa = PBXFrameworksBuildPhase;
			buildActionMask = 2147483647;
			files = (
			);
			runOnlyForDeploymentPostprocessing = 0;
		};
		9CE33A8C2B6D3659007F63C4 /* Frameworks */ = {
			isa = PBXFrameworksBuildPhase;
			buildActionMask = 2147483647;
			files = (
			);
			runOnlyForDeploymentPostprocessing = 0;
		};
/* End PBXFrameworksBuildPhase section */

/* Begin PBXGroup section */
		9C96A3BA2B6E49300067526B /* Home */ = {
			isa = PBXGroup;
			children = (
				9C96A3E62B6E5DA40067526B /* Components */,
				9C96A3CA2B6E4BEA0067526B /* HomePresenter.swift */,
				9C96A3CB2B6E4BEA0067526B /* HomeRouter.swift */,
				9C96A3CC2B6E4BEA0067526B /* HomeInteractor.swift */,
				9C96A3CD2B6E4BEA0067526B /* HomeView.swift */,
				9C96A3CE2B6E4BEA0067526B /* HomeProtocol.swift */,
				9C96A3CF2B6E4BEA0067526B /* HomeView.xib */,
				9C96A3D02B6E4BEA0067526B /* HomeEntity.swift */,
			);
			path = Home;
			sourceTree = "<group>";
		};
		9C96A3C92B6E4B910067526B /* Detail */ = {
			isa = PBXGroup;
			children = (
				9C96A3D82B6E4BFB0067526B /* DetailPresenter.swift */,
				9C96A3D92B6E4BFB0067526B /* DetailRouter.swift */,
				9C96A3DA2B6E4BFB0067526B /* DetailInteractor.swift */,
				9C96A3DB2B6E4BFB0067526B /* DetailView.swift */,
				9C96A3DC2B6E4BFB0067526B /* DetailProtocol.swift */,
				9C96A3DD2B6E4BFB0067526B /* DetailView.xib */,
				9C96A3DE2B6E4BFB0067526B /* DetailEntity.swift */,
			);
			path = Detail;
			sourceTree = "<group>";
		};
		9C96A3E62B6E5DA40067526B /* Components */ = {
			isa = PBXGroup;
			children = (
				9C96A3E72B6E5DFF0067526B /* PromoList.swift */,
				9C96A3ED2B6E5E400067526B /* PromoList.xib */,
			);
			path = Components;
			sourceTree = "<group>";
		};
		9CE33A6C2B6D3655007F63C4 = {
			isa = PBXGroup;
			children = (
				9CE33A772B6D3656007F63C4 /* TestProject */,
				9CE33A882B6D3659007F63C4 /* TestProjectTests */,
				9CE33A922B6D3659007F63C4 /* TestProjectUITests */,
				9CE33A762B6D3656007F63C4 /* Products */,
			);
			sourceTree = "<group>";
		};
		9CE33A762B6D3656007F63C4 /* Products */ = {
			isa = PBXGroup;
			children = (
				9CE33A752B6D3656007F63C4 /* TestProject.app */,
				9CE33A852B6D3658007F63C4 /* TestProjectTests.xctest */,
				9CE33A8F2B6D3659007F63C4 /* TestProjectUITests.xctest */,
			);
			name = Products;
			sourceTree = "<group>";
		};
		9CE33A772B6D3656007F63C4 /* TestProject */ = {
			isa = PBXGroup;
			children = (
				9CE33B432B6D7B6D007F63C4 /* Info.plist */,
				9CE33B1D2B6D4DDE007F63C4 /* CommonUtils */,
				9CE33AA72B6D4240007F63C4 /* Components */,
				9CE33AA22B6D41CF007F63C4 /* Modules */,
				9CE33A782B6D3656007F63C4 /* TestProjectApp.swift */,
				9CE33A7A2B6D3656007F63C4 /* ContentView.swift */,
				9CE33A7C2B6D3658007F63C4 /* Assets.xcassets */,
				9CE33A7E2B6D3658007F63C4 /* Preview Content */,
				9CE33B192B6D4B9E007F63C4 /* AppDelegate.swift */,
			);
			path = TestProject;
			sourceTree = "<group>";
		};
		9CE33A7E2B6D3658007F63C4 /* Preview Content */ = {
			isa = PBXGroup;
			children = (
				9CE33A7F2B6D3658007F63C4 /* Preview Assets.xcassets */,
			);
			path = "Preview Content";
			sourceTree = "<group>";
		};
		9CE33A882B6D3659007F63C4 /* TestProjectTests */ = {
			isa = PBXGroup;
			children = (
				9CE33A892B6D3659007F63C4 /* TestProjectTests.swift */,
			);
			path = TestProjectTests;
			sourceTree = "<group>";
		};
		9CE33A922B6D3659007F63C4 /* TestProjectUITests */ = {
			isa = PBXGroup;
			children = (
				9CE33A932B6D3659007F63C4 /* TestProjectUITests.swift */,
				9CE33A952B6D3659007F63C4 /* TestProjectUITestsLaunchTests.swift */,
			);
			path = TestProjectUITests;
			sourceTree = "<group>";
		};
		9CE33AA22B6D41CF007F63C4 /* Modules */ = {
			isa = PBXGroup;
			children = (
				9C96A3C92B6E4B910067526B /* Detail */,
				9C96A3BA2B6E49300067526B /* Home */,
			);
			path = Modules;
			sourceTree = "<group>";
		};
		9CE33AA72B6D4240007F63C4 /* Components */ = {
			isa = PBXGroup;
			children = (
				9CE33B322B6D52AE007F63C4 /* Toolbar */,
				9CE33B262B6D4E90007F63C4 /* UIViewCustom.swift */,
			);
			path = Components;
			sourceTree = "<group>";
		};
		9CE33B1D2B6D4DDE007F63C4 /* CommonUtils */ = {
			isa = PBXGroup;
			children = (
				9CE33B222B6D4E0A007F63C4 /* extUIView.swift */,
				9CE33B442B6DE403007F63C4 /* extDouble.swift */,
				9CE33B482B6DE410007F63C4 /* extString.swift */,
				9CE33B4C2B6DFBC9007F63C4 /* AppSetting.swift */,
			);
			path = CommonUtils;
			sourceTree = "<group>";
		};
		9CE33B322B6D52AE007F63C4 /* Toolbar */ = {
			isa = PBXGroup;
			children = (
				9CE33B332B6D52BB007F63C4 /* ToolbarView.swift */,
				9CE33B3B2B6D52F8007F63C4 /* ToolbarView.xib */,
			);
			path = Toolbar;
			sourceTree = "<group>";
		};
/* End PBXGroup section */

/* Begin PBXNativeTarget section */
		9CE33A742B6D3656007F63C4 /* TestProject */ = {
			isa = PBXNativeTarget;
			buildConfigurationList = 9CE33A992B6D3659007F63C4 /* Build configuration list for PBXNativeTarget "TestProject" */;
			buildPhases = (
				9CE33A712B6D3656007F63C4 /* Sources */,
				9CE33A722B6D3656007F63C4 /* Frameworks */,
				9CE33A732B6D3656007F63C4 /* Resources */,
			);
			buildRules = (
			);
			dependencies = (
			);
			name = TestProject;
			productName = TestProject;
			productReference = 9CE33A752B6D3656007F63C4 /* TestProject.app */;
			productType = "com.apple.product-type.application";
		};
		9CE33A842B6D3658007F63C4 /* TestProjectTests */ = {
			isa = PBXNativeTarget;
			buildConfigurationList = 9CE33A9C2B6D3659007F63C4 /* Build configuration list for PBXNativeTarget "TestProjectTests" */;
			buildPhases = (
				9CE33A812B6D3658007F63C4 /* Sources */,
				9CE33A822B6D3658007F63C4 /* Frameworks */,
				9CE33A832B6D3658007F63C4 /* Resources */,
			);
			buildRules = (
			);
			dependencies = (
				9CE33A872B6D3658007F63C4 /* PBXTargetDependency */,
			);
			name = TestProjectTests;
			productName = TestProjectTests;
			productReference = 9CE33A852B6D3658007F63C4 /* TestProjectTests.xctest */;
			productType = "com.apple.product-type.bundle.unit-test";
		};
		9CE33A8E2B6D3659007F63C4 /* TestProjectUITests */ = {
			isa = PBXNativeTarget;
			buildConfigurationList = 9CE33A9F2B6D3659007F63C4 /* Build configuration list for PBXNativeTarget "TestProjectUITests" */;
			buildPhases = (
				9CE33A8B2B6D3659007F63C4 /* Sources */,
				9CE33A8C2B6D3659007F63C4 /* Frameworks */,
				9CE33A8D2B6D3659007F63C4 /* Resources */,
			);
			buildRules = (
			);
			dependencies = (
				9CE33A912B6D3659007F63C4 /* PBXTargetDependency */,
			);
			name = TestProjectUITests;
			productName = TestProjectUITests;
			productReference = 9CE33A8F2B6D3659007F63C4 /* TestProjectUITests.xctest */;
			productType = "com.apple.product-type.bundle.ui-testing";
		};
/* End PBXNativeTarget section */

/* Begin PBXProject section */
		9CE33A6D2B6D3655007F63C4 /* Project object */ = {
			isa = PBXProject;
			attributes = {
				BuildIndependentTargetsInParallel = 1;
				LastSwiftUpdateCheck = 1520;
				LastUpgradeCheck = 1520;
				TargetAttributes = {
					9CE33A742B6D3656007F63C4 = {
						CreatedOnToolsVersion = 15.2;
					};
					9CE33A842B6D3658007F63C4 = {
						CreatedOnToolsVersion = 15.2;
						TestTargetID = 9CE33A742B6D3656007F63C4;
					};
					9CE33A8E2B6D3659007F63C4 = {
						CreatedOnToolsVersion = 15.2;
						TestTargetID = 9CE33A742B6D3656007F63C4;
					};
				};
			};
			buildConfigurationList = 9CE33A702B6D3655007F63C4 /* Build configuration list for PBXProject "TestProject" */;
			compatibilityVersion = "Xcode 14.0";
			developmentRegion = en;
			hasScannedForEncodings = 0;
			knownRegions = (
				en,
				Base,
			);
			mainGroup = 9CE33A6C2B6D3655007F63C4;
			productRefGroup = 9CE33A762B6D3656007F63C4 /* Products */;
			projectDirPath = "";
			projectRoot = "";
			targets = (
				9CE33A742B6D3656007F63C4 /* TestProject */,
				9CE33A842B6D3658007F63C4 /* TestProjectTests */,
				9CE33A8E2B6D3659007F63C4 /* TestProjectUITests */,
			);
		};
/* End PBXProject section */

/* Begin PBXResourcesBuildPhase section */
		9CE33A732B6D3656007F63C4 /* Resources */ = {
			isa = PBXResourcesBuildPhase;
			buildActionMask = 2147483647;
			files = (
				9CE33B3C2B6D52F9007F63C4 /* ToolbarView.xib in Resources */,
				9C96A3D62B6E4BEA0067526B /* HomeView.xib in Resources */,
				9CE33A802B6D3658007F63C4 /* Preview Assets.xcassets in Resources */,
				9CE33A7D2B6D3658007F63C4 /* Assets.xcassets in Resources */,
				9C96A3E42B6E4BFB0067526B /* DetailView.xib in Resources */,
				9C96A3EE2B6E5E400067526B /* PromoList.xib in Resources */,
			);
			runOnlyForDeploymentPostprocessing = 0;
		};
		9CE33A832B6D3658007F63C4 /* Resources */ = {
			isa = PBXResourcesBuildPhase;
			buildActionMask = 2147483647;
			files = (
				9CE33B3D2B6D52F9007F63C4 /* ToolbarView.xib in Resources */,
			);
			runOnlyForDeploymentPostprocessing = 0;
		};
		9CE33A8D2B6D3659007F63C4 /* Resources */ = {
			isa = PBXResourcesBuildPhase;
			buildActionMask = 2147483647;
			files = (
				9CE33B3E2B6D52F9007F63C4 /* ToolbarView.xib in Resources */,
			);
			runOnlyForDeploymentPostprocessing = 0;
		};
/* End PBXResourcesBuildPhase section */

/* Begin PBXSourcesBuildPhase section */
		9CE33A712B6D3656007F63C4 /* Sources */ = {
			isa = PBXSourcesBuildPhase;
			buildActionMask = 2147483647;
			files = (
				9C96A3D52B6E4BEA0067526B /* HomeProtocol.swift in Sources */,
				9C96A3E52B6E4BFB0067526B /* DetailEntity.swift in Sources */,
				9CE33A7B2B6D3656007F63C4 /* ContentView.swift in Sources */,
				9CE33B272B6D4E90007F63C4 /* UIViewCustom.swift in Sources */,
				9C96A3E12B6E4BFB0067526B /* DetailInteractor.swift in Sources */,
				9C96A3E82B6E5DFF0067526B /* PromoList.swift in Sources */,
				9C96A3D42B6E4BEA0067526B /* HomeView.swift in Sources */,
				9CE33B232B6D4E0A007F63C4 /* extUIView.swift in Sources */,
				9C96A3D32B6E4BEA0067526B /* HomeInteractor.swift in Sources */,
				9C96A3D12B6E4BEA0067526B /* HomePresenter.swift in Sources */,
				9CE33B492B6DE410007F63C4 /* extString.swift in Sources */,
				9CE33B452B6DE403007F63C4 /* extDouble.swift in Sources */,
				9CE33B1A2B6D4B9F007F63C4 /* AppDelegate.swift in Sources */,
				9CE33B342B6D52BB007F63C4 /* ToolbarView.swift in Sources */,
				9C96A3DF2B6E4BFB0067526B /* DetailPresenter.swift in Sources */,
				9CE33A792B6D3656007F63C4 /* TestProjectApp.swift in Sources */,
				9CE33B4D2B6DFBC9007F63C4 /* AppSetting.swift in Sources */,
				9C96A3E02B6E4BFB0067526B /* DetailRouter.swift in Sources */,
				9C96A3E32B6E4BFB0067526B /* DetailProtocol.swift in Sources */,
				9C96A3E22B6E4BFB0067526B /* DetailView.swift in Sources */,
				9C96A3D72B6E4BEA0067526B /* HomeEntity.swift in Sources */,
				9C96A3D22B6E4BEA0067526B /* HomeRouter.swift in Sources */,
			);
			runOnlyForDeploymentPostprocessing = 0;
		};
		9CE33A812B6D3658007F63C4 /* Sources */ = {
			isa = PBXSourcesBuildPhase;
			buildActionMask = 2147483647;
			files = (
				9CE33A8A2B6D3659007F63C4 /* TestProjectTests.swift in Sources */,
				9CE33B352B6D52BB007F63C4 /* ToolbarView.swift in Sources */,
				9CE33B1B2B6D4B9F007F63C4 /* AppDelegate.swift in Sources */,
				9CE33B282B6D4E90007F63C4 /* UIViewCustom.swift in Sources */,
				9CE33B4A2B6DE410007F63C4 /* extString.swift in Sources */,
				9CE33B462B6DE403007F63C4 /* extDouble.swift in Sources */,
				9CE33B242B6D4E0A007F63C4 /* extUIView.swift in Sources */,
				9CE33B4E2B6DFBC9007F63C4 /* AppSetting.swift in Sources */,
			);
			runOnlyForDeploymentPostprocessing = 0;
		};
		9CE33A8B2B6D3659007F63C4 /* Sources */ = {
			isa = PBXSourcesBuildPhase;
			buildActionMask = 2147483647;
			files = (
				9CE33A962B6D3659007F63C4 /* TestProjectUITestsLaunchTests.swift in Sources */,
				9CE33B292B6D4E90007F63C4 /* UIViewCustom.swift in Sources */,
				9CE33B252B6D4E0A007F63C4 /* extUIView.swift in Sources */,
				9CE33B4B2B6DE410007F63C4 /* extString.swift in Sources */,
				9CE33B472B6DE403007F63C4 /* extDouble.swift in Sources */,
				9CE33B1C2B6D4B9F007F63C4 /* AppDelegate.swift in Sources */,
				9CE33B362B6D52BB007F63C4 /* ToolbarView.swift in Sources */,
				9CE33A942B6D3659007F63C4 /* TestProjectUITests.swift in Sources */,
				9CE33B4F2B6DFBC9007F63C4 /* AppSetting.swift in Sources */,
			);
			runOnlyForDeploymentPostprocessing = 0;
		};
/* End PBXSourcesBuildPhase section */

/* Begin PBXTargetDependency section */
		9CE33A872B6D3658007F63C4 /* PBXTargetDependency */ = {
			isa = PBXTargetDependency;
			target = 9CE33A742B6D3656007F63C4 /* TestProject */;
			targetProxy = 9CE33A862B6D3658007F63C4 /* PBXContainerItemProxy */;
		};
		9CE33A912B6D3659007F63C4 /* PBXTargetDependency */ = {
			isa = PBXTargetDependency;
			target = 9CE33A742B6D3656007F63C4 /* TestProject */;
			targetProxy = 9CE33A902B6D3659007F63C4 /* PBXContainerItemProxy */;
		};
/* End PBXTargetDependency section */

/* Begin XCBuildConfiguration section */
		9CE33A972B6D3659007F63C4 /* Debug */ = {
			isa = XCBuildConfiguration;
			buildSettings = {
				ALWAYS_SEARCH_USER_PATHS = NO;
				ASSETCATALOG_COMPILER_GENERATE_SWIFT_ASSET_SYMBOL_EXTENSIONS = YES;
				CLANG_ANALYZER_NONNULL = YES;
				CLANG_ANALYZER_NUMBER_OBJECT_CONVERSION = YES_AGGRESSIVE;
				CLANG_CXX_LANGUAGE_STANDARD = "gnu++20";
				CLANG_ENABLE_MODULES = YES;
				CLANG_ENABLE_OBJC_ARC = YES;
				CLANG_ENABLE_OBJC_WEAK = YES;
				CLANG_WARN_BLOCK_CAPTURE_AUTORELEASING = YES;
				CLANG_WARN_BOOL_CONVERSION = YES;
				CLANG_WARN_COMMA = YES;
				CLANG_WARN_CONSTANT_CONVERSION = YES;
				CLANG_WARN_DEPRECATED_OBJC_IMPLEMENTATIONS = YES;
				CLANG_WARN_DIRECT_OBJC_ISA_USAGE = YES_ERROR;
				CLANG_WARN_DOCUMENTATION_COMMENTS = YES;
				CLANG_WARN_EMPTY_BODY = YES;
				CLANG_WARN_ENUM_CONVERSION = YES;
				CLANG_WARN_INFINITE_RECURSION = YES;
				CLANG_WARN_INT_CONVERSION = YES;
				CLANG_WARN_NON_LITERAL_NULL_CONVERSION = YES;
				CLANG_WARN_OBJC_IMPLICIT_RETAIN_SELF = YES;
				CLANG_WARN_OBJC_LITERAL_CONVERSION = YES;
				CLANG_WARN_OBJC_ROOT_CLASS = YES_ERROR;
				CLANG_WARN_QUOTED_INCLUDE_IN_FRAMEWORK_HEADER = YES;
				CLANG_WARN_RANGE_LOOP_ANALYSIS = YES;
				CLANG_WARN_STRICT_PROTOTYPES = YES;
				CLANG_WARN_SUSPICIOUS_MOVE = YES;
				CLANG_WARN_UNGUARDED_AVAILABILITY = YES_AGGRESSIVE;
				CLANG_WARN_UNREACHABLE_CODE = YES;
				CLANG_WARN__DUPLICATE_METHOD_MATCH = YES;
				COPY_PHASE_STRIP = NO;
				DEBUG_INFORMATION_FORMAT = dwarf;
				ENABLE_STRICT_OBJC_MSGSEND = YES;
				ENABLE_TESTABILITY = YES;
				ENABLE_USER_SCRIPT_SANDBOXING = YES;
				GCC_C_LANGUAGE_STANDARD = gnu17;
				GCC_DYNAMIC_NO_PIC = NO;
				GCC_NO_COMMON_BLOCKS = YES;
				GCC_OPTIMIZATION_LEVEL = 0;
				GCC_PREPROCESSOR_DEFINITIONS = (
					"DEBUG=1",
					"$(inherited)",
				);
				GCC_WARN_64_TO_32_BIT_CONVERSION = YES;
				GCC_WARN_ABOUT_RETURN_TYPE = YES_ERROR;
				GCC_WARN_UNDECLARED_SELECTOR = YES;
				GCC_WARN_UNINITIALIZED_AUTOS = YES_AGGRESSIVE;
				GCC_WARN_UNUSED_FUNCTION = YES;
				GCC_WARN_UNUSED_VARIABLE = YES;
				IPHONEOS_DEPLOYMENT_TARGET = 14.0;
				LOCALIZATION_PREFERS_STRING_CATALOGS = YES;
				MTL_ENABLE_DEBUG_INFO = INCLUDE_SOURCE;
				MTL_FAST_MATH = YES;
				ONLY_ACTIVE_ARCH = YES;
				SDKROOT = iphoneos;
				SWIFT_ACTIVE_COMPILATION_CONDITIONS = "DEBUG $(inherited)";
				SWIFT_OPTIMIZATION_LEVEL = "-Onone";
			};
			name = Debug;
		};
		9CE33A982B6D3659007F63C4 /* Release */ = {
			isa = XCBuildConfiguration;
			buildSettings = {
				ALWAYS_SEARCH_USER_PATHS = NO;
				ASSETCATALOG_COMPILER_GENERATE_SWIFT_ASSET_SYMBOL_EXTENSIONS = YES;
				CLANG_ANALYZER_NONNULL = YES;
				CLANG_ANALYZER_NUMBER_OBJECT_CONVERSION = YES_AGGRESSIVE;
				CLANG_CXX_LANGUAGE_STANDARD = "gnu++20";
				CLANG_ENABLE_MODULES = YES;
				CLANG_ENABLE_OBJC_ARC = YES;
				CLANG_ENABLE_OBJC_WEAK = YES;
				CLANG_WARN_BLOCK_CAPTURE_AUTORELEASING = YES;
				CLANG_WARN_BOOL_CONVERSION = YES;
				CLANG_WARN_COMMA = YES;
				CLANG_WARN_CONSTANT_CONVERSION = YES;
				CLANG_WARN_DEPRECATED_OBJC_IMPLEMENTATIONS = YES;
				CLANG_WARN_DIRECT_OBJC_ISA_USAGE = YES_ERROR;
				CLANG_WARN_DOCUMENTATION_COMMENTS = YES;
				CLANG_WARN_EMPTY_BODY = YES;
				CLANG_WARN_ENUM_CONVERSION = YES;
				CLANG_WARN_INFINITE_RECURSION = YES;
				CLANG_WARN_INT_CONVERSION = YES;
				CLANG_WARN_NON_LITERAL_NULL_CONVERSION = YES;
				CLANG_WARN_OBJC_IMPLICIT_RETAIN_SELF = YES;
				CLANG_WARN_OBJC_LITERAL_CONVERSION = YES;
				CLANG_WARN_OBJC_ROOT_CLASS = YES_ERROR;
				CLANG_WARN_QUOTED_INCLUDE_IN_FRAMEWORK_HEADER = YES;
				CLANG_WARN_RANGE_LOOP_ANALYSIS = YES;
				CLANG_WARN_STRICT_PROTOTYPES = YES;
				CLANG_WARN_SUSPICIOUS_MOVE = YES;
				CLANG_WARN_UNGUARDED_AVAILABILITY = YES_AGGRESSIVE;
				CLANG_WARN_UNREACHABLE_CODE = YES;
				CLANG_WARN__DUPLICATE_METHOD_MATCH = YES;
				COPY_PHASE_STRIP = NO;
				DEBUG_INFORMATION_FORMAT = "dwarf-with-dsym";
				ENABLE_NS_ASSERTIONS = NO;
				ENABLE_STRICT_OBJC_MSGSEND = YES;
				ENABLE_USER_SCRIPT_SANDBOXING = YES;
				GCC_C_LANGUAGE_STANDARD = gnu17;
				GCC_NO_COMMON_BLOCKS = YES;
				GCC_WARN_64_TO_32_BIT_CONVERSION = YES;
				GCC_WARN_ABOUT_RETURN_TYPE = YES_ERROR;
				GCC_WARN_UNDECLARED_SELECTOR = YES;
				GCC_WARN_UNINITIALIZED_AUTOS = YES_AGGRESSIVE;
				GCC_WARN_UNUSED_FUNCTION = YES;
				GCC_WARN_UNUSED_VARIABLE = YES;
				IPHONEOS_DEPLOYMENT_TARGET = 14.0;
				LOCALIZATION_PREFERS_STRING_CATALOGS = YES;
				MTL_ENABLE_DEBUG_INFO = NO;
				MTL_FAST_MATH = YES;
				SDKROOT = iphoneos;
				SWIFT_COMPILATION_MODE = wholemodule;
				VALIDATE_PRODUCT = YES;
			};
			name = Release;
		};
		9CE33A9A2B6D3659007F63C4 /* Debug */ = {
			isa = XCBuildConfiguration;
			buildSettings = {
				ASSETCATALOG_COMPILER_APPICON_NAME = AppIcon;
				ASSETCATALOG_COMPILER_GLOBAL_ACCENT_COLOR_NAME = AccentColor;
				CODE_SIGN_STYLE = Automatic;
				CURRENT_PROJECT_VERSION = 1;
				DEVELOPMENT_ASSET_PATHS = "\"TestProject/Preview Content\"";
				DEVELOPMENT_TEAM = 939H62A767;
				ENABLE_PREVIEWS = YES;
				GENERATE_INFOPLIST_FILE = YES;
				INFOPLIST_FILE = TestProject/Info.plist;
				INFOPLIST_KEY_UIApplicationSceneManifest_Generation = YES;
				INFOPLIST_KEY_UIApplicationSupportsIndirectInputEvents = YES;
				INFOPLIST_KEY_UILaunchScreen_Generation = YES;
				INFOPLIST_KEY_UISupportedInterfaceOrientations_iPad = "UIInterfaceOrientationPortrait UIInterfaceOrientationPortraitUpsideDown UIInterfaceOrientationLandscapeLeft UIInterfaceOrientationLandscapeRight";
				INFOPLIST_KEY_UISupportedInterfaceOrientations_iPhone = "UIInterfaceOrientationPortrait UIInterfaceOrientationLandscapeLeft UIInterfaceOrientationLandscapeRight";
				LD_RUNPATH_SEARCH_PATHS = (
					"$(inherited)",
					"@executable_path/Frameworks",
				);
				MARKETING_VERSION = 1.0;
				PRODUCT_BUNDLE_IDENTIFIER = com.kumastudio.TestProject;
				PRODUCT_NAME = "$(TARGET_NAME)";
				SWIFT_EMIT_LOC_STRINGS = YES;
				SWIFT_VERSION = 5.0;
				TARGETED_DEVICE_FAMILY = "1,2";
			};
			name = Debug;
		};
		9CE33A9B2B6D3659007F63C4 /* Release */ = {
			isa = XCBuildConfiguration;
			buildSettings = {
				ASSETCATALOG_COMPILER_APPICON_NAME = AppIcon;
				ASSETCATALOG_COMPILER_GLOBAL_ACCENT_COLOR_NAME = AccentColor;
				CODE_SIGN_STYLE = Automatic;
				CURRENT_PROJECT_VERSION = 1;
				DEVELOPMENT_ASSET_PATHS = "\"TestProject/Preview Content\"";
				DEVELOPMENT_TEAM = 939H62A767;
				ENABLE_PREVIEWS = YES;
				GENERATE_INFOPLIST_FILE = YES;
				INFOPLIST_FILE = TestProject/Info.plist;
				INFOPLIST_KEY_UIApplicationSceneManifest_Generation = YES;
				INFOPLIST_KEY_UIApplicationSupportsIndirectInputEvents = YES;
				INFOPLIST_KEY_UILaunchScreen_Generation = YES;
				INFOPLIST_KEY_UISupportedInterfaceOrientations_iPad = "UIInterfaceOrientationPortrait UIInterfaceOrientationPortraitUpsideDown UIInterfaceOrientationLandscapeLeft UIInterfaceOrientationLandscapeRight";
				INFOPLIST_KEY_UISupportedInterfaceOrientations_iPhone = "UIInterfaceOrientationPortrait UIInterfaceOrientationLandscapeLeft UIInterfaceOrientationLandscapeRight";
				LD_RUNPATH_SEARCH_PATHS = (
					"$(inherited)",
					"@executable_path/Frameworks",
				);
				MARKETING_VERSION = 1.0;
				PRODUCT_BUNDLE_IDENTIFIER = com.kumastudio.TestProject;
				PRODUCT_NAME = "$(TARGET_NAME)";
				SWIFT_EMIT_LOC_STRINGS = YES;
				SWIFT_VERSION = 5.0;
				TARGETED_DEVICE_FAMILY = "1,2";
			};
			name = Release;
		};
		9CE33A9D2B6D3659007F63C4 /* Debug */ = {
			isa = XCBuildConfiguration;
			buildSettings = {
				ALWAYS_EMBED_SWIFT_STANDARD_LIBRARIES = YES;
				BUNDLE_LOADER = "$(TEST_HOST)";
				CODE_SIGN_STYLE = Automatic;
				CURRENT_PROJECT_VERSION = 1;
				DEVELOPMENT_TEAM = 939H62A767;
				GENERATE_INFOPLIST_FILE = YES;
				IPHONEOS_DEPLOYMENT_TARGET = 17.2;
				MARKETING_VERSION = 1.0;
				PRODUCT_BUNDLE_IDENTIFIER = com.kumastudio.TestProjectTests;
				PRODUCT_NAME = "$(TARGET_NAME)";
				SWIFT_EMIT_LOC_STRINGS = NO;
				SWIFT_VERSION = 5.0;
				TARGETED_DEVICE_FAMILY = "1,2";
				TEST_HOST = "$(BUILT_PRODUCTS_DIR)/TestProject.app/$(BUNDLE_EXECUTABLE_FOLDER_PATH)/TestProject";
			};
			name = Debug;
		};
		9CE33A9E2B6D3659007F63C4 /* Release */ = {
			isa = XCBuildConfiguration;
			buildSettings = {
				ALWAYS_EMBED_SWIFT_STANDARD_LIBRARIES = YES;
				BUNDLE_LOADER = "$(TEST_HOST)";
				CODE_SIGN_STYLE = Automatic;
				CURRENT_PROJECT_VERSION = 1;
				DEVELOPMENT_TEAM = 939H62A767;
				GENERATE_INFOPLIST_FILE = YES;
				IPHONEOS_DEPLOYMENT_TARGET = 17.2;
				MARKETING_VERSION = 1.0;
				PRODUCT_BUNDLE_IDENTIFIER = com.kumastudio.TestProjectTests;
				PRODUCT_NAME = "$(TARGET_NAME)";
				SWIFT_EMIT_LOC_STRINGS = NO;
				SWIFT_VERSION = 5.0;
				TARGETED_DEVICE_FAMILY = "1,2";
				TEST_HOST = "$(BUILT_PRODUCTS_DIR)/TestProject.app/$(BUNDLE_EXECUTABLE_FOLDER_PATH)/TestProject";
			};
			name = Release;
		};
		9CE33AA02B6D3659007F63C4 /* Debug */ = {
			isa = XCBuildConfiguration;
			buildSettings = {
				ALWAYS_EMBED_SWIFT_STANDARD_LIBRARIES = YES;
				CODE_SIGN_STYLE = Automatic;
				CURRENT_PROJECT_VERSION = 1;
				DEVELOPMENT_TEAM = 939H62A767;
				GENERATE_INFOPLIST_FILE = YES;
				MARKETING_VERSION = 1.0;
				PRODUCT_BUNDLE_IDENTIFIER = com.kumastudio.TestProjectUITests;
				PRODUCT_NAME = "$(TARGET_NAME)";
				SWIFT_EMIT_LOC_STRINGS = NO;
				SWIFT_VERSION = 5.0;
				TARGETED_DEVICE_FAMILY = "1,2";
				TEST_TARGET_NAME = TestProject;
			};
			name = Debug;
		};
		9CE33AA12B6D3659007F63C4 /* Release */ = {
			isa = XCBuildConfiguration;
			buildSettings = {
				ALWAYS_EMBED_SWIFT_STANDARD_LIBRARIES = YES;
				CODE_SIGN_STYLE = Automatic;
				CURRENT_PROJECT_VERSION = 1;
				DEVELOPMENT_TEAM = 939H62A767;
				GENERATE_INFOPLIST_FILE = YES;
				MARKETING_VERSION = 1.0;
				PRODUCT_BUNDLE_IDENTIFIER = com.kumastudio.TestProjectUITests;
				PRODUCT_NAME = "$(TARGET_NAME)";
				SWIFT_EMIT_LOC_STRINGS = NO;
				SWIFT_VERSION = 5.0;
				TARGETED_DEVICE_FAMILY = "1,2";
				TEST_TARGET_NAME = TestProject;
			};
			name = Release;
		};
/* End XCBuildConfiguration section */

/* Begin XCConfigurationList section */
		9CE33A702B6D3655007F63C4 /* Build configuration list for PBXProject "TestProject" */ = {
			isa = XCConfigurationList;
			buildConfigurations = (
				9CE33A972B6D3659007F63C4 /* Debug */,
				9CE33A982B6D3659007F63C4 /* Release */,
			);
			defaultConfigurationIsVisible = 0;
			defaultConfigurationName = Release;
		};
		9CE33A992B6D3659007F63C4 /* Build configuration list for PBXNativeTarget "TestProject" */ = {
			isa = XCConfigurationList;
			buildConfigurations = (
				9CE33A9A2B6D3659007F63C4 /* Debug */,
				9CE33A9B2B6D3659007F63C4 /* Release */,
			);
			defaultConfigurationIsVisible = 0;
			defaultConfigurationName = Release;
		};
		9CE33A9C2B6D3659007F63C4 /* Build configuration list for PBXNativeTarget "TestProjectTests" */ = {
			isa = XCConfigurationList;
			buildConfigurations = (
				9CE33A9D2B6D3659007F63C4 /* Debug */,
				9CE33A9E2B6D3659007F63C4 /* Release */,
			);
			defaultConfigurationIsVisible = 0;
			defaultConfigurationName = Release;
		};
		9CE33A9F2B6D3659007F63C4 /* Build configuration list for PBXNativeTarget "TestProjectUITests" */ = {
			isa = XCConfigurationList;
			buildConfigurations = (
				9CE33AA02B6D3659007F63C4 /* Debug */,
				9CE33AA12B6D3659007F63C4 /* Release */,
			);
			defaultConfigurationIsVisible = 0;
			defaultConfigurationName = Release;
		};
/* End XCConfigurationList section */
	};
	rootObject = 9CE33A6D2B6D3655007F63C4 /* Project object */;
}
